
Microsoft Visual Studio Solution File, Format Version 12.00
# Visual Studio Version 17
VisualStudioVersion = 17.2.32526.322
MinimumVisualStudioVersion = 10.0.40219.1
Project("{9A19103F-16F7-4668-BE54-9A1E7A4F7556}") = "SerenApp.Web", "SerenApp.Web\SerenApp.Web.csproj", "{B2AAF926-9A71-415D-A478-94062B6D899B}"
EndProject
Project("{2150E333-8FDC-42A3-9474-1A3956D46DE8}") = "Solution Items", "Solution Items", "{C0F06A2C-3D1C-4B8D-9220-530952288856}"
	ProjectSection(SolutionItems) = preProject
		.dockerignore = .dockerignore
		.editorconfig = .editorconfig
		.gitattributes = .gitattributes
		.gitignore = .gitignore
	EndProjectSection
EndProject
Project("{9A19103F-16F7-4668-BE54-9A1E7A4F7556}") = "SerenApp.Core", "SerenApp.Core\SerenApp.Core.csproj", "{260C3CC4-9375-48A8-8E09-DBBEAA7B8AB4}"
EndProject
Project("{9A19103F-16F7-4668-BE54-9A1E7A4F7556}") = "SerenApp.Infrastructure", "SerenApp.Infrastructure\SerenApp.Infrastructure.csproj", "{9D685677-6692-4F8F-A239-CFA872DAF15C}"
EndProject
Project("{9A19103F-16F7-4668-BE54-9A1E7A4F7556}") = "SugoCode.EventHubs", "SugoCode.EventHubs\SugoCode.EventHubs.csproj", "{724A4D1B-287B-461A-8940-26A75A20ADE7}"
EndProject
Project("{9A19103F-16F7-4668-BE54-9A1E7A4F7556}") = "SugoCode.CosmosDBTrigger", "SugoCode.CosmosDBTrigger\SugoCode.CosmosDBTrigger.csproj", "{61789481-E96B-4BBD-8B3C-8FDF1371C046}"
EndProject
Global
	GlobalSection(SolutionConfigurationPlatforms) = preSolution
		Debug|Any CPU = Debug|Any CPU
		Release|Any CPU = Release|Any CPU
	EndGlobalSection
	GlobalSection(ProjectConfigurationPlatforms) = postSolution
		{B2AAF926-9A71-415D-A478-94062B6D899B}.Debug|Any CPU.ActiveCfg = Debug|Any CPU
		{B2AAF926-9A71-415D-A478-94062B6D899B}.Debug|Any CPU.Build.0 = Debug|Any CPU
		{B2AAF926-9A71-415D-A478-94062B6D899B}.Release|Any CPU.ActiveCfg = Release|Any CPU
		{B2AAF926-9A71-415D-A478-94062B6D899B}.Release|Any CPU.Build.0 = Release|Any CPU
		{260C3CC4-9375-48A8-8E09-DBBEAA7B8AB4}.Debug|Any CPU.ActiveCfg = Debug|Any CPU
		{260C3CC4-9375-48A8-8E09-DBBEAA7B8AB4}.Debug|Any CPU.Build.0 = Debug|Any CPU
		{260C3CC4-9375-48A8-8E09-DBBEAA7B8AB4}.Release|Any CPU.ActiveCfg = Release|Any CPU
		{260C3CC4-9375-48A8-8E09-DBBEAA7B8AB4}.Release|Any CPU.Build.0 = Release|Any CPU
		{9D685677-6692-4F8F-A239-CFA872DAF15C}.Debug|Any CPU.ActiveCfg = Debug|Any CPU
		{9D685677-6692-4F8F-A239-CFA872DAF15C}.Debug|Any CPU.Build.0 = Debug|Any CPU
		{9D685677-6692-4F8F-A239-CFA872DAF15C}.Release|Any CPU.ActiveCfg = Release|Any CPU
		{9D685677-6692-4F8F-A239-CFA872DAF15C}.Release|Any CPU.Build.0 = Release|Any CPU
		{724A4D1B-287B-461A-8940-26A75A20ADE7}.Debug|Any CPU.ActiveCfg = Debug|Any CPU
		{724A4D1B-287B-461A-8940-26A75A20ADE7}.Debug|Any CPU.Build.0 = Debug|Any CPU
		{724A4D1B-287B-461A-8940-26A75A20ADE7}.Release|Any CPU.ActiveCfg = Release|Any CPU
		{724A4D1B-287B-461A-8940-26A75A20ADE7}.Release|Any CPU.Build.0 = Release|Any CPU
		{61789481-E96B-4BBD-8B3C-8FDF1371C046}.Debug|Any CPU.ActiveCfg = Debug|Any CPU
		{61789481-E96B-4BBD-8B3C-8FDF1371C046}.Debug|Any CPU.Build.0 = Debug|Any CPU
		{61789481-E96B-4BBD-8B3C-8FDF1371C046}.Release|Any CPU.ActiveCfg = Release|Any CPU
		{61789481-E96B-4BBD-8B3C-8FDF1371C046}.Release|Any CPU.Build.0 = Release|Any CPU
	EndGlobalSection
	GlobalSection(SolutionProperties) = preSolution
		HideSolutionNode = FALSE
	EndGlobalSection
	GlobalSection(ExtensibilityGlobals) = postSolution
		SolutionGuid = {20BE67A2-3B97-45AB-B6E4-CFBDB3D1F54C}
	EndGlobalSection
EndGlobal
